
Microsoft Visual Studio Solution File, Format Version 12.00
# Visual Studio 15
VisualStudioVersion = 15.0.27130.2026
MinimumVisualStudioVersion = 10.0.40219.1
Project("{9A19103F-16F7-4668-BE54-9A1E7A4F7556}") = "LodLock", "LodLock\LodLock.csproj", "{14482D29-13EA-44BF-ACA1-415C05260539}"
EndProject
Project("{FAE04EC0-301F-11D3-BF4B-00C04F79EFBC}") = "LodLockLib", "LodLockLib\LodLockLib.csproj", "{86601B90-BD0E-4364-B705-AB206BAEF374}"
EndProject
Global
	GlobalSection(SolutionConfigurationPlatforms) = preSolution
		Debug|Any CPU = Debug|Any CPU
		Release|Any CPU = Release|Any CPU
	EndGlobalSection
	GlobalSection(ProjectConfigurationPlatforms) = postSolution
		{14482D29-13EA-44BF-ACA1-415C05260539}.Debug|Any CPU.ActiveCfg = Debug|Any CPU
		{14482D29-13EA-44BF-ACA1-415C05260539}.Debug|Any CPU.Build.0 = Debug|Any CPU
		{14482D29-13EA-44BF-ACA1-415C05260539}.Release|Any CPU.ActiveCfg = Release|Any CPU
		{14482D29-13EA-44BF-ACA1-415C05260539}.Release|Any CPU.Build.0 = Release|Any CPU
		{86601B90-BD0E-4364-B705-AB206BAEF374}.Debug|Any CPU.ActiveCfg = Debug|Any CPU
		{86601B90-BD0E-4364-B705-AB206BAEF374}.Debug|Any CPU.Build.0 = Debug|Any CPU
		{86601B90-BD0E-4364-B705-AB206BAEF374}.Release|Any CPU.ActiveCfg = Release|Any CPU
		{86601B90-BD0E-4364-B705-AB206BAEF374}.Release|Any CPU.Build.0 = Release|Any CPU
	EndGlobalSection
	GlobalSection(SolutionProperties) = preSolution
		HideSolutionNode = FALSE
	EndGlobalSection
	GlobalSection(ExtensibilityGlobals) = postSolution
		SolutionGuid = {33F3CF84-7D84-49FE-A4DC-DFEDB90E862D}
	EndGlobalSection
EndGlobal
